
Microsoft Visual Studio Solution File, Format Version 12.00
# Visual Studio Version 17
VisualStudioVersion = 17.11.35222.181
MinimumVisualStudioVersion = 10.0.40219.1
Project("{FAE04EC0-301F-11D3-BF4B-00C04F79EFBC}") = "rmp7l", "rmp7l.csproj", "{8B683310-52E9-452F-8A6D-3B7B98BE3399}"
EndProject
Global
	GlobalSection(SolutionConfigurationPlatforms) = preSolution
		Debug|Any CPU = Debug|Any CPU
		Release|Any CPU = Release|Any CPU
	EndGlobalSection
	GlobalSection(ProjectConfigurationPlatforms) = postSolution
		{8B683310-52E9-452F-8A6D-3B7B98BE3399}.Debug|Any CPU.ActiveCfg = Debug|Any CPU
		{8B683310-52E9-452F-8A6D-3B7B98BE3399}.Debug|Any CPU.Build.0 = Debug|Any CPU
		{8B683310-52E9-452F-8A6D-3B7B98BE3399}.Debug|Any CPU.Deploy.0 = Debug|Any CPU
		{8B683310-52E9-452F-8A6D-3B7B98BE3399}.Release|Any CPU.ActiveCfg = Release|Any CPU
		{8B683310-52E9-452F-8A6D-3B7B98BE3399}.Release|Any CPU.Build.0 = Release|Any CPU
		{8B683310-52E9-452F-8A6D-3B7B98BE3399}.Release|Any CPU.Deploy.0 = Release|Any CPU
	EndGlobalSection
	GlobalSection(SolutionProperties) = preSolution
		HideSolutionNode = FALSE
	EndGlobalSection
	GlobalSection(ExtensibilityGlobals) = postSolution
		SolutionGuid = {232CA75E-091B-498E-9DB1-0E803F45E2D0}
	EndGlobalSection
EndGlobal
